# This file is automatically @generated by Cargo.
# It is not intended for manual editing.
version = 4

[[package]]
name = "a3-application"
version = "0.1.0"
dependencies = [
 "a3-domain",
]

[[package]]
name = "a3-desktop"
version = "0.1.0"
dependencies = [
 "a3-application",
 "a3-domain",
 "a3-protocol",
]

[[package]]
name = "a3-domain"
version = "0.1.0"

[[package]]
name = "a3-protocol"
version = "0.1.0"
